{
  "pins" : [
    {
      "identity" : "jkswiftextension",
      "kind" : "remoteSourceControl",
      "location" : "https://github.com/JoanKing/JKSwiftExtension.git",
      "state" : {
        "revision" : "198f579b07f42d653747086bdd8d0007cac35e86",
        "version" : "2.7.3"
      }
    }
  ],
  "version" : 2
}
